
Microsoft Visual Studio Solution File, Format Version 12.00
# Visual Studio 15
VisualStudioVersion = 15.0.28307.168
MinimumVisualStudioVersion = 10.0.40219.1
Project("{FAE04EC0-301F-11D3-BF4B-00C04F79EFBC}") = "AD Manipulator", "AD Manipulator\AD Manipulator.csproj", "{BC08F835-E108-4A6D-994C-E178F185E1EA}"
EndProject
Global
	GlobalSection(SolutionConfigurationPlatforms) = preSolution
		Debug|Any CPU = Debug|Any CPU
		Release|Any CPU = Release|Any CPU
	EndGlobalSection
	GlobalSection(ProjectConfigurationPlatforms) = postSolution
		{BC08F835-E108-4A6D-994C-E178F185E1EA}.Debug|Any CPU.ActiveCfg = Debug|Any CPU
		{BC08F835-E108-4A6D-994C-E178F185E1EA}.Debug|Any CPU.Build.0 = Debug|Any CPU
		{BC08F835-E108-4A6D-994C-E178F185E1EA}.Release|Any CPU.ActiveCfg = Release|Any CPU
		{BC08F835-E108-4A6D-994C-E178F185E1EA}.Release|Any CPU.Build.0 = Release|Any CPU
	EndGlobalSection
	GlobalSection(SolutionProperties) = preSolution
		HideSolutionNode = FALSE
	EndGlobalSection
	GlobalSection(ExtensibilityGlobals) = postSolution
		SolutionGuid = {C2B6F73F-1412-4C0E-82D2-1F3571D86B22}
	EndGlobalSection
EndGlobal
